
Microsoft Visual Studio Solution File, Format Version 12.00
Project("{FAE04EC0-301F-11D3-BF4B-00C04F79EFBC}") = "GBOGH", "GBOGH\GBOGH.csproj", "{BF721C5F-CA77-4E68-9295-829B376CC807}"
EndProject
Global
	GlobalSection(SolutionConfigurationPlatforms) = preSolution
		Debug|Any CPU = Debug|Any CPU
		Release|Any CPU = Release|Any CPU
	EndGlobalSection
	GlobalSection(ProjectConfigurationPlatforms) = postSolution
		{BF721C5F-CA77-4E68-9295-829B376CC807}.Debug|Any CPU.ActiveCfg = Debug|Any CPU
		{BF721C5F-CA77-4E68-9295-829B376CC807}.Debug|Any CPU.Build.0 = Debug|Any CPU
		{BF721C5F-CA77-4E68-9295-829B376CC807}.Release|Any CPU.ActiveCfg = Release|Any CPU
		{BF721C5F-CA77-4E68-9295-829B376CC807}.Release|Any CPU.Build.0 = Release|Any CPU
	EndGlobalSection
EndGlobal
